
Microsoft Visual Studio Solution File, Format Version 12.00
# Visual Studio Version 17
VisualStudioVersion = 17.9.34728.123
MinimumVisualStudioVersion = 10.0.40219.1
Project("{9A19103F-16F7-4668-BE54-9A1E7A4F7556}") = "LastWallpaper", "LastWallpaper\LastWallpaper.csproj", "{3F8AB96A-5EB6-40FC-91F2-194115FCBAFF}"
EndProject
Project("{FAE04EC0-301F-11D3-BF4B-00C04F79EFBC}") = "LastWallpaper.Tests", "LastWallpaper.Tests\LastWallpaper.Tests.csproj", "{7775B27C-AF88-41E0-B9E0-26D4775F0426}"
EndProject
Global
	GlobalSection(SolutionConfigurationPlatforms) = preSolution
		Debug|Any CPU = Debug|Any CPU
		Release|Any CPU = Release|Any CPU
	EndGlobalSection
	GlobalSection(ProjectConfigurationPlatforms) = postSolution
		{3F8AB96A-5EB6-40FC-91F2-194115FCBAFF}.Debug|Any CPU.ActiveCfg = Debug|Any CPU
		{3F8AB96A-5EB6-40FC-91F2-194115FCBAFF}.Debug|Any CPU.Build.0 = Debug|Any CPU
		{3F8AB96A-5EB6-40FC-91F2-194115FCBAFF}.Release|Any CPU.ActiveCfg = Release|Any CPU
		{3F8AB96A-5EB6-40FC-91F2-194115FCBAFF}.Release|Any CPU.Build.0 = Release|Any CPU
		{7775B27C-AF88-41E0-B9E0-26D4775F0426}.Debug|Any CPU.ActiveCfg = Debug|Any CPU
		{7775B27C-AF88-41E0-B9E0-26D4775F0426}.Debug|Any CPU.Build.0 = Debug|Any CPU
		{7775B27C-AF88-41E0-B9E0-26D4775F0426}.Release|Any CPU.ActiveCfg = Release|Any CPU
		{7775B27C-AF88-41E0-B9E0-26D4775F0426}.Release|Any CPU.Build.0 = Release|Any CPU
	EndGlobalSection
	GlobalSection(SolutionProperties) = preSolution
		HideSolutionNode = FALSE
	EndGlobalSection
	GlobalSection(ExtensibilityGlobals) = postSolution
		SolutionGuid = {AB314801-80F1-4122-8FA3-9FF57AF35930}
	EndGlobalSection
EndGlobal
