
Microsoft Visual Studio Solution File, Format Version 12.00
# Visual Studio Version 17
VisualStudioVersion = 17.6.33723.286
MinimumVisualStudioVersion = 10.0.40219.1
Project("{F2A71F9B-5D33-465A-A702-920D77279786}") = "LastWallpaper", "LastWallpaper\LastWallpaper.fsproj", "{78CAB62E-23B1-45AA-93A4-26F7781E0C07}"
EndProject
Project("{6EC3EE1D-3C4E-46DD-8F32-0CC8E7565705}") = "WinFormFs", "WinFormFs\WinFormFs\WinFormFs.fsproj", "{4D6B1A61-CAAC-4515-B4E8-B37AAA9D6703}"
EndProject
Global
	GlobalSection(SolutionConfigurationPlatforms) = preSolution
		Debug|Any CPU = Debug|Any CPU
		Release|Any CPU = Release|Any CPU
	EndGlobalSection
	GlobalSection(ProjectConfigurationPlatforms) = postSolution
		{78CAB62E-23B1-45AA-93A4-26F7781E0C07}.Debug|Any CPU.ActiveCfg = Debug|Any CPU
		{78CAB62E-23B1-45AA-93A4-26F7781E0C07}.Debug|Any CPU.Build.0 = Debug|Any CPU
		{78CAB62E-23B1-45AA-93A4-26F7781E0C07}.Release|Any CPU.ActiveCfg = Release|Any CPU
		{78CAB62E-23B1-45AA-93A4-26F7781E0C07}.Release|Any CPU.Build.0 = Release|Any CPU
		{4D6B1A61-CAAC-4515-B4E8-B37AAA9D6703}.Debug|Any CPU.ActiveCfg = Debug|Any CPU
		{4D6B1A61-CAAC-4515-B4E8-B37AAA9D6703}.Debug|Any CPU.Build.0 = Debug|Any CPU
		{4D6B1A61-CAAC-4515-B4E8-B37AAA9D6703}.Release|Any CPU.ActiveCfg = Release|Any CPU
		{4D6B1A61-CAAC-4515-B4E8-B37AAA9D6703}.Release|Any CPU.Build.0 = Release|Any CPU
	EndGlobalSection
	GlobalSection(SolutionProperties) = preSolution
		HideSolutionNode = FALSE
	EndGlobalSection
	GlobalSection(ExtensibilityGlobals) = postSolution
		SolutionGuid = {5CD9B258-0E7E-4D5C-91BB-7FC9271E1713}
	EndGlobalSection
EndGlobal
