
Microsoft Visual Studio Solution File, Format Version 12.00
# Visual Studio Version 17
VisualStudioVersion = 17.4.33110.190
MinimumVisualStudioVersion = 10.0.40219.1
Project("{9A19103F-16F7-4668-BE54-9A1E7A4F7556}") = "The Last Wallpaper", "LastWallpaper\The Last Wallpaper.csproj", "{FED60989-CCB2-49E1-B170-93A6753E4D4D}"
EndProject
Project("{9A19103F-16F7-4668-BE54-9A1E7A4F7556}") = "Core", "LastWallpaper.Core\Core.csproj", "{31357A86-17BF-47AF-B56E-B587649CDDBE}"
EndProject
Project("{9A19103F-16F7-4668-BE54-9A1E7A4F7556}") = "ToastNotifications", "WindowsToastNotifications\ToastNotifications.csproj", "{FCD6F482-C0BF-4486-B1CA-84FD5926EE5B}"
EndProject
Global
	GlobalSection(SolutionConfigurationPlatforms) = preSolution
		Debug|Any CPU = Debug|Any CPU
		Release|Any CPU = Release|Any CPU
	EndGlobalSection
	GlobalSection(ProjectConfigurationPlatforms) = postSolution
		{FED60989-CCB2-49E1-B170-93A6753E4D4D}.Debug|Any CPU.ActiveCfg = Debug|Any CPU
		{FED60989-CCB2-49E1-B170-93A6753E4D4D}.Debug|Any CPU.Build.0 = Debug|Any CPU
		{FED60989-CCB2-49E1-B170-93A6753E4D4D}.Release|Any CPU.ActiveCfg = Release|Any CPU
		{FED60989-CCB2-49E1-B170-93A6753E4D4D}.Release|Any CPU.Build.0 = Release|Any CPU
		{31357A86-17BF-47AF-B56E-B587649CDDBE}.Debug|Any CPU.ActiveCfg = Debug|Any CPU
		{31357A86-17BF-47AF-B56E-B587649CDDBE}.Debug|Any CPU.Build.0 = Debug|Any CPU
		{31357A86-17BF-47AF-B56E-B587649CDDBE}.Release|Any CPU.ActiveCfg = Release|Any CPU
		{31357A86-17BF-47AF-B56E-B587649CDDBE}.Release|Any CPU.Build.0 = Release|Any CPU
		{FCD6F482-C0BF-4486-B1CA-84FD5926EE5B}.Debug|Any CPU.ActiveCfg = Debug|Any CPU
		{FCD6F482-C0BF-4486-B1CA-84FD5926EE5B}.Debug|Any CPU.Build.0 = Debug|Any CPU
		{FCD6F482-C0BF-4486-B1CA-84FD5926EE5B}.Release|Any CPU.ActiveCfg = Release|Any CPU
		{FCD6F482-C0BF-4486-B1CA-84FD5926EE5B}.Release|Any CPU.Build.0 = Release|Any CPU
	EndGlobalSection
	GlobalSection(SolutionProperties) = preSolution
		HideSolutionNode = FALSE
	EndGlobalSection
	GlobalSection(ExtensibilityGlobals) = postSolution
		SolutionGuid = {CDAD17BD-D7AF-48BB-A748-6E31CD478CE0}
	EndGlobalSection
EndGlobal
